
Microsoft Visual Studio Solution File, Format Version 12.00
# Visual Studio 15
VisualStudioVersion = 15.0.28307.779
MinimumVisualStudioVersion = 10.0.40219.1
Project("{FAE04EC0-301F-11D3-BF4B-00C04F79EFBC}") = "ATM_and_Mini_Statement", "ATM_and_Mini_Statement\ATM_and_Mini_Statement.csproj", "{FE9A3931-9F5A-441F-B00E-BB017F1031A9}"
EndProject
Global
	GlobalSection(SolutionConfigurationPlatforms) = preSolution
		Debug|Any CPU = Debug|Any CPU
		Release|Any CPU = Release|Any CPU
	EndGlobalSection
	GlobalSection(ProjectConfigurationPlatforms) = postSolution
		{FE9A3931-9F5A-441F-B00E-BB017F1031A9}.Debug|Any CPU.ActiveCfg = Debug|Any CPU
		{FE9A3931-9F5A-441F-B00E-BB017F1031A9}.Debug|Any CPU.Build.0 = Debug|Any CPU
		{FE9A3931-9F5A-441F-B00E-BB017F1031A9}.Release|Any CPU.ActiveCfg = Release|Any CPU
		{FE9A3931-9F5A-441F-B00E-BB017F1031A9}.Release|Any CPU.Build.0 = Release|Any CPU
	EndGlobalSection
	GlobalSection(SolutionProperties) = preSolution
		HideSolutionNode = FALSE
	EndGlobalSection
	GlobalSection(ExtensibilityGlobals) = postSolution
		SolutionGuid = {5CE6A8C6-70F0-4D9C-AA41-6EEA4371A70A}
	EndGlobalSection
EndGlobal
