
Microsoft Visual Studio Solution File, Format Version 12.00
# Visual Studio 15
VisualStudioVersion = 15.0.28307.779
MinimumVisualStudioVersion = 10.0.40219.1
Project("{FAE04EC0-301F-11D3-BF4B-00C04F79EFBC}") = "CardFlip", "CardFlip\CardFlip.csproj", "{6F81C576-BD4E-4450-984C-ED6ED1BA30AB}"
EndProject
Global
	GlobalSection(SolutionConfigurationPlatforms) = preSolution
		Debug|Any CPU = Debug|Any CPU
		Release|Any CPU = Release|Any CPU
	EndGlobalSection
	GlobalSection(ProjectConfigurationPlatforms) = postSolution
		{6F81C576-BD4E-4450-984C-ED6ED1BA30AB}.Debug|Any CPU.ActiveCfg = Debug|Any CPU
		{6F81C576-BD4E-4450-984C-ED6ED1BA30AB}.Debug|Any CPU.Build.0 = Debug|Any CPU
		{6F81C576-BD4E-4450-984C-ED6ED1BA30AB}.Release|Any CPU.ActiveCfg = Release|Any CPU
		{6F81C576-BD4E-4450-984C-ED6ED1BA30AB}.Release|Any CPU.Build.0 = Release|Any CPU
	EndGlobalSection
	GlobalSection(SolutionProperties) = preSolution
		HideSolutionNode = FALSE
	EndGlobalSection
	GlobalSection(ExtensibilityGlobals) = postSolution
		SolutionGuid = {E7F8AFA5-8633-4786-AE70-BBC7AB51290D}
	EndGlobalSection
EndGlobal
